%{
  "aten": {:hex, :aten, "0.5.7", "f88eb38ceadc0710b84b5d78f0357d766733d80902d50ac69b70cdf834992daa", [:rebar3], [], "hexpm", "8b623c8be27b59a911d16ab0af41777b504c147bc0d60a29015fab58321c04b0"},
  "gen_batch_server": {:hex, :gen_batch_server, "0.8.7", "1d91a3605d3110ec791f00d5968e86e62fd4c6979e760796a51d50a7acc7a40d", [:rebar3], [], "hexpm", "94a49a528486298b009d2a1b452132c0a0d68b3e89d17d3764cb1ec879b7557a"},
  "ra": {:git, "https://github.com/rabbitmq/ra.git", "2507edc89ef08d048be96fb1ad18dc18331f44a5", [branch: "main"]},
}
